{
  "name": "angularjs",
  "version": "1.0.0",
  "lockfileVersion": 1,
  "requires": true,
  "dependencies": {
    "@uirouter/angularjs": {
      "version": "1.0.25",
      "resolved": "https://registry.npmjs.org/@uirouter/angularjs/-/angularjs-1.0.25.tgz",
      "integrity": "sha512-kf9bxBhqa1ZUw0aDlz4H17VqAD30MVJY6HM7J628vDeNN9yZt7SDYpwqSrR3y6NBadZUPjaKsDoKsyQQSWArNA==",
      "requires": {
        "@uirouter/core": "6.0.4"
      }
    },
    "@uirouter/core": {
      "version": "6.0.4",
      "resolved": "https://registry.npmjs.org/@uirouter/core/-/core-6.0.4.tgz",
      "integrity": "sha512-TQ9XOzZY+jmWKkU4993MAEBIy7Bs3kijDzj+A6RHR8gq/3UoQm3Q/l1igfao5GZyBjid7eRVeipPK14ovCYQ3g=="
    },
    "angular": {
      "version": "1.8.0",
      "resolved": "https://registry.npmjs.org/angular/-/angular-1.8.0.tgz",
      "integrity": "sha512-VdaMx+Qk0Skla7B5gw77a8hzlcOakwF8mjlW13DpIWIDlfqwAbSSLfd8N/qZnzEmQF4jC4iofInd3gE7vL8ZZg=="
    },
    "angular-local-storage": {
      "version": "0.7.1",
      "resolved": "https://registry.npmjs.org/angular-local-storage/-/angular-local-storage-0.7.1.tgz",
      "integrity": "sha1-+9JzB2PCn6mvVyXgGGx4BiHozdI="
    },
    "angular-sanitize": {
      "version": "1.7.9",
      "resolved": "https://registry.npmjs.org/angular-sanitize/-/angular-sanitize-1.7.9.tgz",
      "integrity": "sha512-nB/xe7JQWF9nLvhHommAICQ3eWrfRETo0EVGFESi952CDzDa+GAJ/2BFBNw44QqQPxj1Xua/uYKrbLsOGWZdbQ=="
    },
    "bootstrap": {
      "version": "4.4.1",
      "resolved": "https://registry.npmjs.org/bootstrap/-/bootstrap-4.4.1.tgz",
      "integrity": "sha512-tbx5cHubwE6e2ZG7nqM3g/FZ5PQEDMWmMGNrCUBVRPHXTJaH7CBDdsLeu3eCh3B1tzAxTnAbtmrzvWEvT2NNEA=="
    }
  }
}
